
Microsoft Visual Studio Solution File, Format Version 12.00
# Visual Studio Version 17
VisualStudioVersion = 17.5.002.0
MinimumVisualStudioVersion = 10.0.40219.1
Project("{9A19103F-16F7-4668-BE54-9A1E7A4F7556}") = "practica5-Cintia-Alvardo", "practica5-Cintia-Alvardo.csproj", "{A60B00B6-D885-43A0-B9C1-8E7F686D3F24}"
EndProject
Global
	GlobalSection(SolutionConfigurationPlatforms) = preSolution
		Debug|Any CPU = Debug|Any CPU
		Release|Any CPU = Release|Any CPU
	EndGlobalSection
	GlobalSection(ProjectConfigurationPlatforms) = postSolution
		{A60B00B6-D885-43A0-B9C1-8E7F686D3F24}.Debug|Any CPU.ActiveCfg = Debug|Any CPU
		{A60B00B6-D885-43A0-B9C1-8E7F686D3F24}.Debug|Any CPU.Build.0 = Debug|Any CPU
		{A60B00B6-D885-43A0-B9C1-8E7F686D3F24}.Release|Any CPU.ActiveCfg = Release|Any CPU
		{A60B00B6-D885-43A0-B9C1-8E7F686D3F24}.Release|Any CPU.Build.0 = Release|Any CPU
	EndGlobalSection
	GlobalSection(SolutionProperties) = preSolution
		HideSolutionNode = FALSE
	EndGlobalSection
	GlobalSection(ExtensibilityGlobals) = postSolution
		SolutionGuid = {2DBADC9F-5F26-45E4-8ED6-9C0305E60055}
	EndGlobalSection
EndGlobal
